
Microsoft Visual Studio Solution File, Format Version 12.00
# Visual Studio Version 17
VisualStudioVersion = 17.4.33205.214
MinimumVisualStudioVersion = 10.0.40219.1
Project("{FAE04EC0-301F-11D3-BF4B-00C04F79EFBC}") = "ConsoleApp1", "ConsoleApp1\ConsoleApp1.csproj", "{EAE53CA4-2687-477C-9CF0-EC62F4EE684F}"
EndProject
Global
	GlobalSection(SolutionConfigurationPlatforms) = preSolution
		Debug|Any CPU = Debug|Any CPU
		Release|Any CPU = Release|Any CPU
	EndGlobalSection
	GlobalSection(ProjectConfigurationPlatforms) = postSolution
		{EAE53CA4-2687-477C-9CF0-EC62F4EE684F}.Debug|Any CPU.ActiveCfg = Debug|Any CPU
		{EAE53CA4-2687-477C-9CF0-EC62F4EE684F}.Debug|Any CPU.Build.0 = Debug|Any CPU
		{EAE53CA4-2687-477C-9CF0-EC62F4EE684F}.Release|Any CPU.ActiveCfg = Release|Any CPU
		{EAE53CA4-2687-477C-9CF0-EC62F4EE684F}.Release|Any CPU.Build.0 = Release|Any CPU
	EndGlobalSection
	GlobalSection(SolutionProperties) = preSolution
		HideSolutionNode = FALSE
	EndGlobalSection
	GlobalSection(ExtensibilityGlobals) = postSolution
		SolutionGuid = {FAD715D1-1121-453C-9E04-C24F2E6567AD}
	EndGlobalSection
EndGlobal
